
Microsoft Visual Studio Solution File, Format Version 12.00
# Visual Studio Version 16
VisualStudioVersion = 16.0.32929.386
MinimumVisualStudioVersion = 10.0.40219.1
Project("{FAE04EC0-301F-11D3-BF4B-00C04F79EFBC}") = "WebAPI_FinalProject", "WebAPI_FinalProject\WebAPI_FinalProject.csproj", "{AAF0F45A-7E52-4A05-B72C-BF31F33A4292}"
EndProject
Global
	GlobalSection(SolutionConfigurationPlatforms) = preSolution
		Debug|Any CPU = Debug|Any CPU
		Release|Any CPU = Release|Any CPU
	EndGlobalSection
	GlobalSection(ProjectConfigurationPlatforms) = postSolution
		{AAF0F45A-7E52-4A05-B72C-BF31F33A4292}.Debug|Any CPU.ActiveCfg = Debug|Any CPU
		{AAF0F45A-7E52-4A05-B72C-BF31F33A4292}.Debug|Any CPU.Build.0 = Debug|Any CPU
		{AAF0F45A-7E52-4A05-B72C-BF31F33A4292}.Release|Any CPU.ActiveCfg = Release|Any CPU
		{AAF0F45A-7E52-4A05-B72C-BF31F33A4292}.Release|Any CPU.Build.0 = Release|Any CPU
	EndGlobalSection
	GlobalSection(SolutionProperties) = preSolution
		HideSolutionNode = FALSE
	EndGlobalSection
	GlobalSection(ExtensibilityGlobals) = postSolution
		SolutionGuid = {1669FC72-3BA9-4914-9465-0BF6459DEC07}
	EndGlobalSection
EndGlobal
